{
  "name": "@connected-ng/layouts",
  "version": "0.0.1",
  "lockfileVersion": 3,
  "requires": true,
  "packages": {
    "": {
      "name": "@connected-ng/layouts",
      "version": "0.0.1",
      "dependencies": {
        "tslib": "^2.8.1"
      },
      "peerDependencies": {
        "@angular/common": "*",
        "@angular/core": "*",
        "@angular/material": "^20.0.3",
        "@connected-ng/style-kit": "^25.1.623-develop25338"
      }
    },
    "node_modules/@angular/cdk": {
      "version": "20.0.3",
      "resolved": "https://registry.npmjs.org/@angular/cdk/-/cdk-20.0.3.tgz",
      "integrity": "sha512-70KG8GpK4aV9j5hUkpDZJQ6oMgCuaCRY6JX1axPxkNtQaiK6PAmTfQLiGqF2cYhbQneeq3uGvTorAjRfvp8NPQ==",
      "license": "MIT",
      "peer": true,
      "dependencies": {
        "parse5": "^7.1.2",
        "tslib": "^2.3.0"
      },
      "peerDependencies": {
        "@angular/common": "^20.0.0 || ^21.0.0",
        "@angular/core": "^20.0.0 || ^21.0.0",
        "rxjs": "^6.5.3 || ^7.4.0"
      }
    },
    "node_modules/@angular/common": {
      "version": "20.0.4",
      "resolved": "https://registry.npmjs.org/@angular/common/-/common-20.0.4.tgz",
      "integrity": "sha512-fWgxe2rgSKgI36ummBYnBN4YUrmp4CHbfEG3RMeJho/vhHKguk2/o6BgL9zvnKybvbWmuaqbkHogi+y0LeJ8Ww==",
      "license": "MIT",
      "peer": true,
      "dependencies": {
        "tslib": "^2.3.0"
      },
      "engines": {
        "node": "^20.19.0 || ^22.12.0 || >=24.0.0"
      },
      "peerDependencies": {
        "@angular/core": "20.0.4",
        "rxjs": "^6.5.3 || ^7.4.0"
      }
    },
    "node_modules/@angular/compiler": {
      "version": "19.2.14",
      "resolved": "https://registry.npmjs.org/@angular/compiler/-/compiler-19.2.14.tgz",
      "integrity": "sha512-ZqJDYOdhgKpVGNq3+n/Gbxma8DVYElDsoRe0tvNtjkWBVdaOxdZZUqmJ3kdCBsqD/aqTRvRBu0KGo9s2fCChkA==",
      "license": "MIT",
      "peer": true,
      "dependencies": {
        "tslib": "^2.3.0"
      },
      "engines": {
        "node": "^18.19.1 || ^20.11.1 || >=22.0.0"
      }
    },
    "node_modules/@angular/core": {
      "version": "20.0.4",
      "resolved": "https://registry.npmjs.org/@angular/core/-/core-20.0.4.tgz",
      "integrity": "sha512-JhSl3B6CrJ9kegLffgWVFGF4D4bWLV/9r8R0+h78vU+ppdPFPWDha7WnirF31cPIg3pBzy6wn103Kcy9Ri5M5w==",
      "license": "MIT",
      "peer": true,
      "dependencies": {
        "tslib": "^2.3.0"
      },
      "engines": {
        "node": "^20.19.0 || ^22.12.0 || >=24.0.0"
      },
      "peerDependencies": {
        "@angular/compiler": "20.0.4",
        "rxjs": "^6.5.3 || ^7.4.0",
        "zone.js": "~0.15.0"
      },
      "peerDependenciesMeta": {
        "@angular/compiler": {
          "optional": true
        },
        "zone.js": {
          "optional": true
        }
      }
    },
    "node_modules/@angular/forms": {
      "version": "20.0.4",
      "resolved": "https://registry.npmjs.org/@angular/forms/-/forms-20.0.4.tgz",
      "integrity": "sha512-bFTMgJSHiLr80ELymRykZW6o5QroDlk+g5AFFiY9yxM8I0DV5YpCNBefv8GiuWubE+Lw6LkQ/HMYeXYJMTue3A==",
      "license": "MIT",
      "peer": true,
      "dependencies": {
        "tslib": "^2.3.0"
      },
      "engines": {
        "node": "^20.19.0 || ^22.12.0 || >=24.0.0"
      },
      "peerDependencies": {
        "@angular/common": "20.0.4",
        "@angular/core": "20.0.4",
        "@angular/platform-browser": "20.0.4",
        "rxjs": "^6.5.3 || ^7.4.0"
      }
    },
    "node_modules/@angular/material": {
      "version": "20.0.3",
      "resolved": "https://registry.npmjs.org/@angular/material/-/material-20.0.3.tgz",
      "integrity": "sha512-kd5Mi6gVxcjDs1nfm8GG2rId59SXWQjkiBMqrYuhy2Trpb+zG0vrLClrpoe3JdWqoX4GJagxGwl3VRDBIoP/cw==",
      "license": "MIT",
      "peer": true,
      "dependencies": {
        "tslib": "^2.3.0"
      },
      "peerDependencies": {
        "@angular/cdk": "20.0.3",
        "@angular/common": "^20.0.0 || ^21.0.0",
        "@angular/core": "^20.0.0 || ^21.0.0",
        "@angular/forms": "^20.0.0 || ^21.0.0",
        "@angular/platform-browser": "^20.0.0 || ^21.0.0",
        "rxjs": "^6.5.3 || ^7.4.0"
      }
    },
    "node_modules/@angular/platform-browser": {
      "version": "20.0.4",
      "resolved": "https://registry.npmjs.org/@angular/platform-browser/-/platform-browser-20.0.4.tgz",
      "integrity": "sha512-hMJYvtZlNPh4Tt6JrnK+vmBmHWok04EkuJwyPcPhlle1u6/LihuCj4suELLqCanX9EzyNgvyKnws0i6JE/qh8Q==",
      "license": "MIT",
      "peer": true,
      "dependencies": {
        "tslib": "^2.3.0"
      },
      "engines": {
        "node": "^20.19.0 || ^22.12.0 || >=24.0.0"
      },
      "peerDependencies": {
        "@angular/animations": "20.0.4",
        "@angular/common": "20.0.4",
        "@angular/core": "20.0.4"
      },
      "peerDependenciesMeta": {
        "@angular/animations": {
          "optional": true
        }
      }
    },
    "node_modules/@connected-ng/style-kit": {
      "version": "25.1.623-develop25338",
      "resolved": "https://registry.npmjs.org/@connected-ng/style-kit/-/style-kit-25.1.623-develop25338.tgz",
      "integrity": "sha512-7oCL3h5sLWRZ+IhcXXR1agXH+QlcUpcxwJVB7syz+guhEOk5g25piETSiEefgMRz+XXmItMSwQ1KuZhw94Nmbg==",
      "peer": true,
      "dependencies": {
        "@angular/animations": "^19.0.0",
        "@angular/cdk": "~19.2.9",
        "@angular/common": "^19.0.0",
        "@angular/compiler": "^19.0.0",
        "@angular/core": "^19.0.0",
        "@angular/forms": "^19.0.0",
        "@angular/material": "~19.2.9",
        "@angular/platform-browser": "^19.0.0",
        "@angular/platform-browser-dynamic": "^19.0.0",
        "@angular/router": "^19.0.0",
        "rxjs": "~7.8.0",
        "tslib": "^2.3.0",
        "zone.js": "~0.15.0"
      }
    },
    "node_modules/@connected-ng/style-kit/node_modules/@angular/animations": {
      "version": "19.2.14",
      "resolved": "https://registry.npmjs.org/@angular/animations/-/animations-19.2.14.tgz",
      "integrity": "sha512-xhl8fLto5HHJdVj8Nb6EoBEiTAcXuWDYn1q5uHcGxyVH3kiwENWy/2OQXgCr2CuWo2e6hNUGzSLf/cjbsMNqEA==",
      "license": "MIT",
      "peer": true,
      "dependencies": {
        "tslib": "^2.3.0"
      },
      "engines": {
        "node": "^18.19.1 || ^20.11.1 || >=22.0.0"
      },
      "peerDependencies": {
        "@angular/common": "19.2.14",
        "@angular/core": "19.2.14"
      }
    },
    "node_modules/@connected-ng/style-kit/node_modules/@angular/cdk": {
      "version": "19.2.18",
      "resolved": "https://registry.npmjs.org/@angular/cdk/-/cdk-19.2.18.tgz",
      "integrity": "sha512-aGMHOYK/VV9PhxGTUDwiu/4ozoR/RKz8cimI+QjRxEBhzn4EPqjUDSganvlhmgS7cTN3+aqozdvF/GopMRJjLg==",
      "license": "MIT",
      "peer": true,
      "dependencies": {
        "parse5": "^7.1.2",
        "tslib": "^2.3.0"
      },
      "peerDependencies": {
        "@angular/common": "^19.0.0 || ^20.0.0",
        "@angular/core": "^19.0.0 || ^20.0.0",
        "rxjs": "^6.5.3 || ^7.4.0"
      }
    },
    "node_modules/@connected-ng/style-kit/node_modules/@angular/common": {
      "version": "19.2.14",
      "resolved": "https://registry.npmjs.org/@angular/common/-/common-19.2.14.tgz",
      "integrity": "sha512-NcNklcuyqaTjOVGf7aru8APX9mjsnZ01gFZrn47BxHozhaR0EMRrotYQTdi8YdVjPkeYFYanVntSLfhyobq/jg==",
      "license": "MIT",
      "peer": true,
      "dependencies": {
        "tslib": "^2.3.0"
      },
      "engines": {
        "node": "^18.19.1 || ^20.11.1 || >=22.0.0"
      },
      "peerDependencies": {
        "@angular/core": "19.2.14",
        "rxjs": "^6.5.3 || ^7.4.0"
      }
    },
    "node_modules/@connected-ng/style-kit/node_modules/@angular/core": {
      "version": "19.2.14",
      "resolved": "https://registry.npmjs.org/@angular/core/-/core-19.2.14.tgz",
      "integrity": "sha512-EVErpW9tGqJ/wNcAN3G/ErH8pHCJ8mM1E6bsJ8UJIpDTZkpqqYjBMtZS9YWH5n3KwUd1tAkAB2w8FK125AjDUQ==",
      "license": "MIT",
      "peer": true,
      "dependencies": {
        "tslib": "^2.3.0"
      },
      "engines": {
        "node": "^18.19.1 || ^20.11.1 || >=22.0.0"
      },
      "peerDependencies": {
        "rxjs": "^6.5.3 || ^7.4.0",
        "zone.js": "~0.15.0"
      }
    },
    "node_modules/@connected-ng/style-kit/node_modules/@angular/forms": {
      "version": "19.2.14",
      "resolved": "https://registry.npmjs.org/@angular/forms/-/forms-19.2.14.tgz",
      "integrity": "sha512-hWtDOj2B0AuRTf+nkMJeodnFpDpmEK9OIhIv1YxcRe73ooaxrIdjgugkElO8I9Tj0E4/7m117ezhWDUkbqm1zA==",
      "license": "MIT",
      "peer": true,
      "dependencies": {
        "tslib": "^2.3.0"
      },
      "engines": {
        "node": "^18.19.1 || ^20.11.1 || >=22.0.0"
      },
      "peerDependencies": {
        "@angular/common": "19.2.14",
        "@angular/core": "19.2.14",
        "@angular/platform-browser": "19.2.14",
        "rxjs": "^6.5.3 || ^7.4.0"
      }
    },
    "node_modules/@connected-ng/style-kit/node_modules/@angular/material": {
      "version": "19.2.18",
      "resolved": "https://registry.npmjs.org/@angular/material/-/material-19.2.18.tgz",
      "integrity": "sha512-xxedRQ9u7aiUYVrHAxASLUxnofN29xaqEGhBcHLAfOsFXdDMwDe/2ly79iKufwEs5BFBm3nfhJoarXZ3+8pucQ==",
      "license": "MIT",
      "peer": true,
      "dependencies": {
        "tslib": "^2.3.0"
      },
      "peerDependencies": {
        "@angular/cdk": "19.2.18",
        "@angular/common": "^19.0.0 || ^20.0.0",
        "@angular/core": "^19.0.0 || ^20.0.0",
        "@angular/forms": "^19.0.0 || ^20.0.0",
        "@angular/platform-browser": "^19.0.0 || ^20.0.0",
        "rxjs": "^6.5.3 || ^7.4.0"
      }
    },
    "node_modules/@connected-ng/style-kit/node_modules/@angular/platform-browser": {
      "version": "19.2.14",
      "resolved": "https://registry.npmjs.org/@angular/platform-browser/-/platform-browser-19.2.14.tgz",
      "integrity": "sha512-hzkT5nmA64oVBQl6PRjdL4dIFT1n7lfM9rm5cAoS+6LUUKRgiE2d421Kpn/Hz3jaCJfo+calMIdtSMIfUJBmww==",
      "license": "MIT",
      "peer": true,
      "dependencies": {
        "tslib": "^2.3.0"
      },
      "engines": {
        "node": "^18.19.1 || ^20.11.1 || >=22.0.0"
      },
      "peerDependencies": {
        "@angular/animations": "19.2.14",
        "@angular/common": "19.2.14",
        "@angular/core": "19.2.14"
      },
      "peerDependenciesMeta": {
        "@angular/animations": {
          "optional": true
        }
      }
    },
    "node_modules/@connected-ng/style-kit/node_modules/@angular/platform-browser-dynamic": {
      "version": "19.2.14",
      "resolved": "https://registry.npmjs.org/@angular/platform-browser-dynamic/-/platform-browser-dynamic-19.2.14.tgz",
      "integrity": "sha512-Hfz0z1KDQmIdnFXVFCwCPykuIsHPkr1uW2aY396eARwZ6PK8i0Aadcm1ZOnpd3MR1bMyDrJo30VRS5kx89QWvA==",
      "license": "MIT",
      "peer": true,
      "dependencies": {
        "tslib": "^2.3.0"
      },
      "engines": {
        "node": "^18.19.1 || ^20.11.1 || >=22.0.0"
      },
      "peerDependencies": {
        "@angular/common": "19.2.14",
        "@angular/compiler": "19.2.14",
        "@angular/core": "19.2.14",
        "@angular/platform-browser": "19.2.14"
      }
    },
    "node_modules/@connected-ng/style-kit/node_modules/@angular/router": {
      "version": "19.2.14",
      "resolved": "https://registry.npmjs.org/@angular/router/-/router-19.2.14.tgz",
      "integrity": "sha512-cBTWY9Jx7YhbmDYDb7Hqz4Q7UNIMlKTkdKToJd2pbhIXyoS+kHVQrySmyca+jgvYMjWnIjsAEa3dpje12D4mFw==",
      "license": "MIT",
      "peer": true,
      "dependencies": {
        "tslib": "^2.3.0"
      },
      "engines": {
        "node": "^18.19.1 || ^20.11.1 || >=22.0.0"
      },
      "peerDependencies": {
        "@angular/common": "19.2.14",
        "@angular/core": "19.2.14",
        "@angular/platform-browser": "19.2.14",
        "rxjs": "^6.5.3 || ^7.4.0"
      }
    },
    "node_modules/entities": {
      "version": "6.0.1",
      "resolved": "https://registry.npmjs.org/entities/-/entities-6.0.1.tgz",
      "integrity": "sha512-aN97NXWF6AWBTahfVOIrB/NShkzi5H7F9r1s9mD3cDj4Ko5f2qhhVoYMibXF7GlLveb/D2ioWay8lxI97Ven3g==",
      "license": "BSD-2-Clause",
      "peer": true,
      "engines": {
        "node": ">=0.12"
      },
      "funding": {
        "url": "https://github.com/fb55/entities?sponsor=1"
      }
    },
    "node_modules/parse5": {
      "version": "7.3.0",
      "resolved": "https://registry.npmjs.org/parse5/-/parse5-7.3.0.tgz",
      "integrity": "sha512-IInvU7fabl34qmi9gY8XOVxhYyMyuH2xUNpb2q8/Y+7552KlejkRvqvD19nMoUW/uQGGbqNpA6Tufu5FL5BZgw==",
      "license": "MIT",
      "peer": true,
      "dependencies": {
        "entities": "^6.0.0"
      },
      "funding": {
        "url": "https://github.com/inikulin/parse5?sponsor=1"
      }
    },
    "node_modules/rxjs": {
      "version": "7.8.2",
      "resolved": "https://registry.npmjs.org/rxjs/-/rxjs-7.8.2.tgz",
      "integrity": "sha512-dhKf903U/PQZY6boNNtAGdWbG85WAbjT/1xYoZIC7FAY0yWapOBQVsVrDl58W86//e1VpMNBtRV4MaXfdMySFA==",
      "license": "Apache-2.0",
      "peer": true,
      "dependencies": {
        "tslib": "^2.1.0"
      }
    },
    "node_modules/tslib": {
      "version": "2.8.1",
      "resolved": "https://registry.npmjs.org/tslib/-/tslib-2.8.1.tgz",
      "integrity": "sha512-oJFu94HQb+KVduSUQL7wnpmqnfmLsOA/nAh6b6EH0wCEoK0/mPeXU6c3wKDV83MkOuHPRHtSXKKU99IBazS/2w==",
      "license": "0BSD"
    },
    "node_modules/zone.js": {
      "version": "0.15.1",
      "resolved": "https://registry.npmjs.org/zone.js/-/zone.js-0.15.1.tgz",
      "integrity": "sha512-XE96n56IQpJM7NAoXswY3XRLcWFW83xe0BiAOeMD7K5k5xecOeul3Qcpx6GqEeeHNkW5DWL5zOyTbEfB4eti8w==",
      "license": "MIT",
      "peer": true
    }
  }
}
